// !$*UTF8*$!
{
	archiveVersion = 1;
	classes = {
	};
	objectVersion = 46;
	objects = {

/* Begin PBXBuildFile section */
		6E20F78D1E699EB300EFC547 /* ClickerController.m in Sources */ = {isa = PBXBuildFile; fileRef = 6E20F78C1E699EB300EFC547 /* ClickerController.m */; };
		6EC800FD1E699D2A000ACF7C /* AppDelegate.m in Sources */ = {isa = PBXBuildFile; fileRef = 6EC800FC1E699D2A000ACF7C /* AppDelegate.m */; };
		6EC801001E699D2A000ACF7C /* main.m in Sources */ = {isa = PBXBuildFile; fileRef = 6EC800FF1E699D2A000ACF7C /* main.m */; };
		6EC801021E699D2A000ACF7C /* Assets.xcassets in Resources */ = {isa = PBXBuildFile; fileRef = 6EC801011E699D2A000ACF7C /* Assets.xcassets */; };
		6EC801051E699D2A000ACF7C /* MainMenu.xib in Resources */ = {isa = PBXBuildFile; fileRef = 6EC801031E699D2A000ACF7C /* MainMenu.xib */; };
/* End PBXBuildFile section */

/* Begin PBXFileReference section */
		6E20F78B1E699EB300EFC547 /* ClickerController.h */ = {isa = PBXFileReference; fileEncoding = 4; lastKnownFileType = sourcecode.c.h; path = ClickerController.h; sourceTree = "<group>"; };
		6E20F78C1E699EB300EFC547 /* ClickerController.m */ = {isa = PBXFileReference; fileEncoding = 4; lastKnownFileType = sourcecode.c.objc; path = ClickerController.m; sourceTree = "<group>"; };
		6E20F78E1E69A15200EFC547 /* en */ = {isa = PBXFileReference; lastKnownFileType = file.xib; name = en; path = en.lproj/MainMenu.xib; sourceTree = "<group>"; };
		6EC800F81E699D2A000ACF7C /* Clicker.app */ = {isa = PBXFileReference; explicitFileType = wrapper.application; includeInIndex = 0; path = Clicker.app; sourceTree = BUILT_PRODUCTS_DIR; };
		6EC800FB1E699D2A000ACF7C /* AppDelegate.h */ = {isa = PBXFileReference; lastKnownFileType = sourcecode.c.h; path = AppDelegate.h; sourceTree = "<group>"; };
		6EC800FC1E699D2A000ACF7C /* AppDelegate.m */ = {isa = PBXFileReference; lastKnownFileType = sourcecode.c.objc; path = AppDelegate.m; sourceTree = "<group>"; };
		6EC800FF1E699D2A000ACF7C /* main.m */ = {isa = PBXFileReference; lastKnownFileType = sourcecode.c.objc; path = main.m; sourceTree = "<group>"; };
		6EC801011E699D2A000ACF7C /* Assets.xcassets */ = {isa = PBXFileReference; lastKnownFileType = folder.assetcatalog; path = Assets.xcassets; sourceTree = "<group>"; };
		6EC801061E699D2A000ACF7C /* Info.plist */ = {isa = PBXFileReference; lastKnownFileType = text.plist.xml; path = Info.plist; sourceTree = "<group>"; };
/* End PBXFileReference section */

/* Begin PBXFrameworksBuildPhase section */
		6EC800F51E699D2A000ACF7C /* Frameworks */ = {
			isa = PBXFrameworksBuildPhase;
			buildActionMask = 2147483647;
			files = (
			);
			runOnlyForDeploymentPostprocessing = 0;
		};
/* End PBXFrameworksBuildPhase section */

/* Begin PBXGroup section */
		6EC800EF1E699D2A000ACF7C = {
			isa = PBXGroup;
			children = (
				6EC800FA1E699D2A000ACF7C /* Clicker */,
				6EC800F91E699D2A000ACF7C /* Products */,
			);
			sourceTree = "<group>";
		};
		6EC800F91E699D2A000ACF7C /* Products */ = {
			isa = PBXGroup;
			children = (
				6EC800F81E699D2A000ACF7C /* Clicker.app */,
			);
			name = Products;
			sourceTree = "<group>";
		};
		6EC800FA1E699D2A000ACF7C /* Clicker */ = {
			isa = PBXGroup;
			children = (
				6EC800FB1E699D2A000ACF7C /* AppDelegate.h */,
				6EC800FC1E699D2A000ACF7C /* AppDelegate.m */,
				6EC801011E699D2A000ACF7C /* Assets.xcassets */,
				6EC801031E699D2A000ACF7C /* MainMenu.xib */,
				6EC801061E699D2A000ACF7C /* Info.plist */,
				6EC800FE1E699D2A000ACF7C /* Supporting Files */,
				6E20F78B1E699EB300EFC547 /* ClickerController.h */,
				6E20F78C1E699EB300EFC547 /* ClickerController.m */,
			);
			path = Clicker;
			sourceTree = "<group>";
		};
		6EC800FE1E699D2A000ACF7C /* Supporting Files */ = {
			isa = PBXGroup;
			children = (
				6EC800FF1E699D2A000ACF7C /* main.m */,
			);
			name = "Supporting Files";
			sourceTree = "<group>";
		};
/* End PBXGroup section */

/* Begin PBXNativeTarget section */
		6EC800F71E699D2A000ACF7C /* Clicker */ = {
			isa = PBXNativeTarget;
			buildConfigurationList = 6EC801091E699D2A000ACF7C /* Build configuration list for PBXNativeTarget "Clicker" */;
			buildPhases = (
				6EC800F41E699D2A000ACF7C /* Sources */,
				6EC800F51E699D2A000ACF7C /* Frameworks */,
				6EC800F61E699D2A000ACF7C /* Resources */,
			);
			buildRules = (
			);
			dependencies = (
			);
			name = Clicker;
			productName = Clicker;
			productReference = 6EC800F81E699D2A000ACF7C /* Clicker.app */;
			productType = "com.apple.product-type.application";
		};
/* End PBXNativeTarget section */

/* Begin PBXProject section */
		6EC800F01E699D2A000ACF7C /* Project object */ = {
			isa = PBXProject;
			attributes = {
				LastUpgradeCheck = 0820;
				ORGANIZATIONNAME = "À la Bonne Sainte-Force";
				TargetAttributes = {
					6EC800F71E699D2A000ACF7C = {
						CreatedOnToolsVersion = 8.2.1;
						DevelopmentTeam = CMN6HGG8LK;
						ProvisioningStyle = Automatic;
					};
				};
			};
			buildConfigurationList = 6EC800F31E699D2A000ACF7C /* Build configuration list for PBXProject "Clicker" */;
			compatibilityVersion = "Xcode 3.2";
			developmentRegion = English;
			hasScannedForEncodings = 0;
			knownRegions = (
				en,
				Base,
			);
			mainGroup = 6EC800EF1E699D2A000ACF7C;
			productRefGroup = 6EC800F91E699D2A000ACF7C /* Products */;
			projectDirPath = "";
			projectRoot = "";
			targets = (
				6EC800F71E699D2A000ACF7C /* Clicker */,
			);
		};
/* End PBXProject section */

/* Begin PBXResourcesBuildPhase section */
		6EC800F61E699D2A000ACF7C /* Resources */ = {
			isa = PBXResourcesBuildPhase;
			buildActionMask = 2147483647;
			files = (
				6EC801021E699D2A000ACF7C /* Assets.xcassets in Resources */,
				6EC801051E699D2A000ACF7C /* MainMenu.xib in Resources */,
			);
			runOnlyForDeploymentPostprocessing = 0;
		};
/* End PBXResourcesBuildPhase section */

/* Begin PBXSourcesBuildPhase section */
		6EC800F41E699D2A000ACF7C /* Sources */ = {
			isa = PBXSourcesBuildPhase;
			buildActionMask = 2147483647;
			files = (
				6E20F78D1E699EB300EFC547 /* ClickerController.m in Sources */,
				6EC801001E699D2A000ACF7C /* main.m in Sources */,
				6EC800FD1E699D2A000ACF7C /* AppDelegate.m in Sources */,
			);
			runOnlyForDeploymentPostprocessing = 0;
		};
/* End PBXSourcesBuildPhase section */

/* Begin PBXVariantGroup section */
		6EC801031E699D2A000ACF7C /* MainMenu.xib */ = {
			isa = PBXVariantGroup;
			children = (
				6E20F78E1E69A15200EFC547 /* en */,
			);
			name = MainMenu.xib;
			sourceTree = "<group>";
		};
/* End PBXVariantGroup section */

/* Begin XCBuildConfiguration section */
		6EC801071E699D2A000ACF7C /* Debug */ = {
			isa = XCBuildConfiguration;
			buildSettings = {
				ALWAYS_SEARCH_USER_PATHS = NO;
				CLANG_ANALYZER_NONNULL = YES;
				CLANG_CXX_LANGUAGE_STANDARD = "gnu++0x";
				CLANG_CXX_LIBRARY = "libc++";
				CLANG_ENABLE_MODULES = YES;
				CLANG_ENABLE_OBJC_ARC = YES;
				CLANG_WARN_BOOL_CONVERSION = YES;
				CLANG_WARN_CONSTANT_CONVERSION = YES;
				CLANG_WARN_DIRECT_OBJC_ISA_USAGE = YES_ERROR;
				CLANG_WARN_DOCUMENTATION_COMMENTS = YES;
				CLANG_WARN_EMPTY_BODY = YES;
				CLANG_WARN_ENUM_CONVERSION = YES;
				CLANG_WARN_INFINITE_RECURSION = YES;
				CLANG_WARN_INT_CONVERSION = YES;
				CLANG_WARN_OBJC_ROOT_CLASS = YES_ERROR;
				CLANG_WARN_SUSPICIOUS_MOVE = YES;
				CLANG_WARN_UNREACHABLE_CODE = YES;
				CLANG_WARN__DUPLICATE_METHOD_MATCH = YES;
				CODE_SIGN_IDENTITY = "-";
				COPY_PHASE_STRIP = NO;
				DEBUG_INFORMATION_FORMAT = dwarf;
				ENABLE_STRICT_OBJC_MSGSEND = YES;
				ENABLE_TESTABILITY = YES;
				GCC_C_LANGUAGE_STANDARD = gnu99;
				GCC_DYNAMIC_NO_PIC = NO;
				GCC_NO_COMMON_BLOCKS = YES;
				GCC_OPTIMIZATION_LEVEL = 0;
				GCC_PREPROCESSOR_DEFINITIONS = (
					"DEBUG=1",
					"$(inherited)",
				);
				GCC_WARN_64_TO_32_BIT_CONVERSION = YES;
				GCC_WARN_ABOUT_RETURN_TYPE = YES_ERROR;
				GCC_WARN_UNDECLARED_SELECTOR = YES;
				GCC_WARN_UNINITIALIZED_AUTOS = YES_AGGRESSIVE;
				GCC_WARN_UNUSED_FUNCTION = YES;
				GCC_WARN_UNUSED_VARIABLE = YES;
				MACOSX_DEPLOYMENT_TARGET = 10.11;
				MTL_ENABLE_DEBUG_INFO = YES;
				ONLY_ACTIVE_ARCH = YES;
				SDKROOT = macosx;
			};
			name = Debug;
		};
		6EC801081E699D2A000ACF7C /* Release */ = {
			isa = XCBuildConfiguration;
			buildSettings = {
				ALWAYS_SEARCH_USER_PATHS = NO;
				CLANG_ANALYZER_NONNULL = YES;
				CLANG_CXX_LANGUAGE_STANDARD = "gnu++0x";
				CLANG_CXX_LIBRARY = "libc++";
				CLANG_ENABLE_MODULES = YES;
				CLANG_ENABLE_OBJC_ARC = YES;
				CLANG_WARN_BOOL_CONVERSION = YES;
				CLANG_WARN_CONSTANT_CONVERSION = YES;
				CLANG_WARN_DIRECT_OBJC_ISA_USAGE = YES_ERROR;
				CLANG_WARN_DOCUMENTATION_COMMENTS = YES;
				CLANG_WARN_EMPTY_BODY = YES;
				CLANG_WARN_ENUM_CONVERSION = YES;
				CLANG_WARN_INFINITE_RECURSION = YES;
				CLANG_WARN_INT_CONVERSION = YES;
				CLANG_WARN_OBJC_ROOT_CLASS = YES_ERROR;
				CLANG_WARN_SUSPICIOUS_MOVE = YES;
				CLANG_WARN_UNREACHABLE_CODE = YES;
				CLANG_WARN__DUPLICATE_METHOD_MATCH = YES;
				CODE_SIGN_IDENTITY = "-";
				COPY_PHASE_STRIP = NO;
				DEBUG_INFORMATION_FORMAT = "dwarf-with-dsym";
				ENABLE_NS_ASSERTIONS = NO;
				ENABLE_STRICT_OBJC_MSGSEND = YES;
				GCC_C_LANGUAGE_STANDARD = gnu99;
				GCC_NO_COMMON_BLOCKS = YES;
				GCC_WARN_64_TO_32_BIT_CONVERSION = YES;
				GCC_WARN_ABOUT_RETURN_TYPE = YES_ERROR;
				GCC_WARN_UNDECLARED_SELECTOR = YES;
				GCC_WARN_UNINITIALIZED_AUTOS = YES_AGGRESSIVE;
				GCC_WARN_UNUSED_FUNCTION = YES;
				GCC_WARN_UNUSED_VARIABLE = YES;
				MACOSX_DEPLOYMENT_TARGET = 10.11;
				MTL_ENABLE_DEBUG_INFO = NO;
				SDKROOT = macosx;
			};
			name = Release;
		};
		6EC8010A1E699D2A000ACF7C /* Debug */ = {
			isa = XCBuildConfiguration;
			buildSettings = {
				ARCHS = "$(ARCHS_STANDARD_32_64_BIT)";
				ASSETCATALOG_COMPILER_APPICON_NAME = AppIcon;
				CLANG_ENABLE_OBJC_ARC = NO;
				CODE_SIGN_IDENTITY = "Mac Developer";
				COMBINE_HIDPI_IMAGES = YES;
				DEVELOPMENT_TEAM = CMN6HGG8LK;
				INFOPLIST_FILE = Clicker/Info.plist;
				LD_RUNPATH_SEARCH_PATHS = "$(inherited) @executable_path/../Frameworks";
				MACOSX_DEPLOYMENT_TARGET = 10.6;
				PRODUCT_BUNDLE_IDENTIFIER = name.oin.steforce.Clicker;
				PRODUCT_NAME = "$(TARGET_NAME)";
				PROVISIONING_PROFILE_SPECIFIER = "";
			};
			name = Debug;
		};
		6EC8010B1E699D2A000ACF7C /* Release */ = {
			isa = XCBuildConfiguration;
			buildSettings = {
				ARCHS = "$(ARCHS_STANDARD_32_64_BIT)";
				ASSETCATALOG_COMPILER_APPICON_NAME = AppIcon;
				CLANG_ENABLE_OBJC_ARC = NO;
				CODE_SIGN_IDENTITY = "Mac Developer";
				COMBINE_HIDPI_IMAGES = YES;
				DEVELOPMENT_TEAM = CMN6HGG8LK;
				INFOPLIST_FILE = Clicker/Info.plist;
				LD_RUNPATH_SEARCH_PATHS = "$(inherited) @executable_path/../Frameworks";
				MACOSX_DEPLOYMENT_TARGET = 10.6;
				PRODUCT_BUNDLE_IDENTIFIER = name.oin.steforce.Clicker;
				PRODUCT_NAME = "$(TARGET_NAME)";
				PROVISIONING_PROFILE_SPECIFIER = "";
			};
			name = Release;
		};
/* End XCBuildConfiguration section */

/* Begin XCConfigurationList section */
		6EC800F31E699D2A000ACF7C /* Build configuration list for PBXProject "Clicker" */ = {
			isa = XCConfigurationList;
			buildConfigurations = (
				6EC801071E699D2A000ACF7C /* Debug */,
				6EC801081E699D2A000ACF7C /* Release */,
			);
			defaultConfigurationIsVisible = 0;
			defaultConfigurationName = Release;
		};
		6EC801091E699D2A000ACF7C /* Build configuration list for PBXNativeTarget "Clicker" */ = {
			isa = XCConfigurationList;
			buildConfigurations = (
				6EC8010A1E699D2A000ACF7C /* Debug */,
				6EC8010B1E699D2A000ACF7C /* Release */,
			);
			defaultConfigurationIsVisible = 0;
			defaultConfigurationName = Release;
		};
/* End XCConfigurationList section */
	};
	rootObject = 6EC800F01E699D2A000ACF7C /* Project object */;
}
